
Microsoft Visual Studio Solution File, Format Version 12.00
# Visual Studio Version 17
VisualStudioVersion = 17.3.32901.215
MinimumVisualStudioVersion = 10.0.40219.1
Project("{FAE04EC0-301F-11D3-BF4B-00C04F79EFBC}") = "Піцерія", "Піцерія\Піцерія.csproj", "{90DA389D-A796-42F2-B284-ECE5A912B874}"
EndProject
Global
	GlobalSection(SolutionConfigurationPlatforms) = preSolution
		Debug|Any CPU = Debug|Any CPU
		Release|Any CPU = Release|Any CPU
	EndGlobalSection
	GlobalSection(ProjectConfigurationPlatforms) = postSolution
		{90DA389D-A796-42F2-B284-ECE5A912B874}.Debug|Any CPU.ActiveCfg = Debug|Any CPU
		{90DA389D-A796-42F2-B284-ECE5A912B874}.Debug|Any CPU.Build.0 = Debug|Any CPU
		{90DA389D-A796-42F2-B284-ECE5A912B874}.Release|Any CPU.ActiveCfg = Release|Any CPU
		{90DA389D-A796-42F2-B284-ECE5A912B874}.Release|Any CPU.Build.0 = Release|Any CPU
	EndGlobalSection
	GlobalSection(SolutionProperties) = preSolution
		HideSolutionNode = FALSE
	EndGlobalSection
	GlobalSection(ExtensibilityGlobals) = postSolution
		SolutionGuid = {D06A7667-A878-4119-9824-54AC74DA3AE4}
	EndGlobalSection
EndGlobal
